// !$*UTF8*$!
{
	archiveVersion = 1;
	classes = {
	};
	objectVersion = 48;
	objects = {

/* Begin PBXBuildFile section */
		20B567361FA8F2D600051AFF /* AppDelegate.swift in Sources */ = {isa = PBXBuildFile; fileRef = 20B567351FA8F2D600051AFF /* AppDelegate.swift */; };
		20B567381FA8F2D600051AFF /* ViewController.swift in Sources */ = {isa = PBXBuildFile; fileRef = 20B567371FA8F2D600051AFF /* ViewController.swift */; };
		20B5673B1FA8F2D600051AFF /* Main.storyboard in Resources */ = {isa = PBXBuildFile; fileRef = 20B567391FA8F2D600051AFF /* Main.storyboard */; };
		20B5673D1FA8F2D600051AFF /* Assets.xcassets in Resources */ = {isa = PBXBuildFile; fileRef = 20B5673C1FA8F2D600051AFF /* Assets.xcassets */; };
		20B567401FA8F2D600051AFF /* LaunchScreen.storyboard in Resources */ = {isa = PBXBuildFile; fileRef = 20B5673E1FA8F2D600051AFF /* LaunchScreen.storyboard */; };
		20B5674B1FA8F2D600051AFF /* RasberyPiLockTests.swift in Sources */ = {isa = PBXBuildFile; fileRef = 20B5674A1FA8F2D600051AFF /* RasberyPiLockTests.swift */; };
		20B567561FA8F2D600051AFF /* RasberyPiLockUITests.swift in Sources */ = {isa = PBXBuildFile; fileRef = 20B567551FA8F2D600051AFF /* RasberyPiLockUITests.swift */; };
/* End PBXBuildFile section */

/* Begin PBXContainerItemProxy section */
		20B567471FA8F2D600051AFF /* PBXContainerItemProxy */ = {
			isa = PBXContainerItemProxy;
			containerPortal = 20B5672A1FA8F2D600051AFF /* Project object */;
			proxyType = 1;
			remoteGlobalIDString = 20B567311FA8F2D600051AFF;
			remoteInfo = RasberyPiLock;
		};
		20B567521FA8F2D600051AFF /* PBXContainerItemProxy */ = {
			isa = PBXContainerItemProxy;
			containerPortal = 20B5672A1FA8F2D600051AFF /* Project object */;
			proxyType = 1;
			remoteGlobalIDString = 20B567311FA8F2D600051AFF;
			remoteInfo = RasberyPiLock;
		};
/* End PBXContainerItemProxy section */

/* Begin PBXFileReference section */
		20B567321FA8F2D600051AFF /* RasberyPiLock.app */ = {isa = PBXFileReference; explicitFileType = wrapper.application; includeInIndex = 0; path = RasberyPiLock.app; sourceTree = BUILT_PRODUCTS_DIR; };
		20B567351FA8F2D600051AFF /* AppDelegate.swift */ = {isa = PBXFileReference; lastKnownFileType = sourcecode.swift; path = AppDelegate.swift; sourceTree = "<group>"; };
		20B567371FA8F2D600051AFF /* ViewController.swift */ = {isa = PBXFileReference; lastKnownFileType = sourcecode.swift; path = ViewController.swift; sourceTree = "<group>"; };
		20B5673A1FA8F2D600051AFF /* Base */ = {isa = PBXFileReference; lastKnownFileType = file.storyboard; name = Base; path = Base.lproj/Main.storyboard; sourceTree = "<group>"; };
		20B5673C1FA8F2D600051AFF /* Assets.xcassets */ = {isa = PBXFileReference; lastKnownFileType = folder.assetcatalog; path = Assets.xcassets; sourceTree = "<group>"; };
		20B5673F1FA8F2D600051AFF /* Base */ = {isa = PBXFileReference; lastKnownFileType = file.storyboard; name = Base; path = Base.lproj/LaunchScreen.storyboard; sourceTree = "<group>"; };
		20B567411FA8F2D600051AFF /* Info.plist */ = {isa = PBXFileReference; lastKnownFileType = text.plist.xml; path = Info.plist; sourceTree = "<group>"; };
		20B567461FA8F2D600051AFF /* RasberyPiLockTests.xctest */ = {isa = PBXFileReference; explicitFileType = wrapper.cfbundle; includeInIndex = 0; path = RasberyPiLockTests.xctest; sourceTree = BUILT_PRODUCTS_DIR; };
		20B5674A1FA8F2D600051AFF /* RasberyPiLockTests.swift */ = {isa = PBXFileReference; lastKnownFileType = sourcecode.swift; path = RasberyPiLockTests.swift; sourceTree = "<group>"; };
		20B5674C1FA8F2D600051AFF /* Info.plist */ = {isa = PBXFileReference; lastKnownFileType = text.plist.xml; path = Info.plist; sourceTree = "<group>"; };
		20B567511FA8F2D600051AFF /* RasberyPiLockUITests.xctest */ = {isa = PBXFileReference; explicitFileType = wrapper.cfbundle; includeInIndex = 0; path = RasberyPiLockUITests.xctest; sourceTree = BUILT_PRODUCTS_DIR; };
		20B567551FA8F2D600051AFF /* RasberyPiLockUITests.swift */ = {isa = PBXFileReference; lastKnownFileType = sourcecode.swift; path = RasberyPiLockUITests.swift; sourceTree = "<group>"; };
		20B567571FA8F2D600051AFF /* Info.plist */ = {isa = PBXFileReference; lastKnownFileType = text.plist.xml; path = Info.plist; sourceTree = "<group>"; };
/* End PBXFileReference section */

/* Begin PBXFrameworksBuildPhase section */
		20B5672F1FA8F2D600051AFF /* Frameworks */ = {
			isa = PBXFrameworksBuildPhase;
			buildActionMask = 2147483647;
			files = (
			);
			runOnlyForDeploymentPostprocessing = 0;
		};
		20B567431FA8F2D600051AFF /* Frameworks */ = {
			isa = PBXFrameworksBuildPhase;
			buildActionMask = 2147483647;
			files = (
			);
			runOnlyForDeploymentPostprocessing = 0;
		};
		20B5674E1FA8F2D600051AFF /* Frameworks */ = {
			isa = PBXFrameworksBuildPhase;
			buildActionMask = 2147483647;
			files = (
			);
			runOnlyForDeploymentPostprocessing = 0;
		};
/* End PBXFrameworksBuildPhase section */

/* Begin PBXGroup section */
		20B567291FA8F2D600051AFF = {
			isa = PBXGroup;
			children = (
				20B567341FA8F2D600051AFF /* RasberyPiLock */,
				20B567491FA8F2D600051AFF /* RasberyPiLockTests */,
				20B567541FA8F2D600051AFF /* RasberyPiLockUITests */,
				20B567331FA8F2D600051AFF /* Products */,
			);
			sourceTree = "<group>";
		};
		20B567331FA8F2D600051AFF /* Products */ = {
			isa = PBXGroup;
			children = (
				20B567321FA8F2D600051AFF /* RasberyPiLock.app */,
				20B567461FA8F2D600051AFF /* RasberyPiLockTests.xctest */,
				20B567511FA8F2D600051AFF /* RasberyPiLockUITests.xctest */,
			);
			name = Products;
			sourceTree = "<group>";
		};
		20B567341FA8F2D600051AFF /* RasberyPiLock */ = {
			isa = PBXGroup;
			children = (
				20B567351FA8F2D600051AFF /* AppDelegate.swift */,
				20B567371FA8F2D600051AFF /* ViewController.swift */,
				20B567391FA8F2D600051AFF /* Main.storyboard */,
				20B5673C1FA8F2D600051AFF /* Assets.xcassets */,
				20B5673E1FA8F2D600051AFF /* LaunchScreen.storyboard */,
				20B567411FA8F2D600051AFF /* Info.plist */,
			);
			path = RasberyPiLock;
			sourceTree = "<group>";
		};
		20B567491FA8F2D600051AFF /* RasberyPiLockTests */ = {
			isa = PBXGroup;
			children = (
				20B5674A1FA8F2D600051AFF /* RasberyPiLockTests.swift */,
				20B5674C1FA8F2D600051AFF /* Info.plist */,
			);
			path = RasberyPiLockTests;
			sourceTree = "<group>";
		};
		20B567541FA8F2D600051AFF /* RasberyPiLockUITests */ = {
			isa = PBXGroup;
			children = (
				20B567551FA8F2D600051AFF /* RasberyPiLockUITests.swift */,
				20B567571FA8F2D600051AFF /* Info.plist */,
			);
			path = RasberyPiLockUITests;
			sourceTree = "<group>";
		};
/* End PBXGroup section */

/* Begin PBXNativeTarget section */
		20B567311FA8F2D600051AFF /* RasberyPiLock */ = {
			isa = PBXNativeTarget;
			buildConfigurationList = 20B5675A1FA8F2D600051AFF /* Build configuration list for PBXNativeTarget "RasberyPiLock" */;
			buildPhases = (
				20B5672E1FA8F2D600051AFF /* Sources */,
				20B5672F1FA8F2D600051AFF /* Frameworks */,
				20B567301FA8F2D600051AFF /* Resources */,
			);
			buildRules = (
			);
			dependencies = (
			);
			name = RasberyPiLock;
			productName = RasberyPiLock;
			productReference = 20B567321FA8F2D600051AFF /* RasberyPiLock.app */;
			productType = "com.apple.product-type.application";
		};
		20B567451FA8F2D600051AFF /* RasberyPiLockTests */ = {
			isa = PBXNativeTarget;
			buildConfigurationList = 20B5675D1FA8F2D600051AFF /* Build configuration list for PBXNativeTarget "RasberyPiLockTests" */;
			buildPhases = (
				20B567421FA8F2D600051AFF /* Sources */,
				20B567431FA8F2D600051AFF /* Frameworks */,
				20B567441FA8F2D600051AFF /* Resources */,
			);
			buildRules = (
			);
			dependencies = (
				20B567481FA8F2D600051AFF /* PBXTargetDependency */,
			);
			name = RasberyPiLockTests;
			productName = RasberyPiLockTests;
			productReference = 20B567461FA8F2D600051AFF /* RasberyPiLockTests.xctest */;
			productType = "com.apple.product-type.bundle.unit-test";
		};
		20B567501FA8F2D600051AFF /* RasberyPiLockUITests */ = {
			isa = PBXNativeTarget;
			buildConfigurationList = 20B567601FA8F2D600051AFF /* Build configuration list for PBXNativeTarget "RasberyPiLockUITests" */;
			buildPhases = (
				20B5674D1FA8F2D600051AFF /* Sources */,
				20B5674E1FA8F2D600051AFF /* Frameworks */,
				20B5674F1FA8F2D600051AFF /* Resources */,
			);
			buildRules = (
			);
			dependencies = (
				20B567531FA8F2D600051AFF /* PBXTargetDependency */,
			);
			name = RasberyPiLockUITests;
			productName = RasberyPiLockUITests;
			productReference = 20B567511FA8F2D600051AFF /* RasberyPiLockUITests.xctest */;
			productType = "com.apple.product-type.bundle.ui-testing";
		};
/* End PBXNativeTarget section */

/* Begin PBXProject section */
		20B5672A1FA8F2D600051AFF /* Project object */ = {
			isa = PBXProject;
			attributes = {
				LastSwiftUpdateCheck = 0900;
				LastUpgradeCheck = 0900;
				ORGANIZATIONNAME = "Sneha Kasetty Sudarshan";
				TargetAttributes = {
					20B567311FA8F2D600051AFF = {
						CreatedOnToolsVersion = 9.0.1;
						ProvisioningStyle = Automatic;
					};
					20B567451FA8F2D600051AFF = {
						CreatedOnToolsVersion = 9.0.1;
						ProvisioningStyle = Automatic;
						TestTargetID = 20B567311FA8F2D600051AFF;
					};
					20B567501FA8F2D600051AFF = {
						CreatedOnToolsVersion = 9.0.1;
						ProvisioningStyle = Automatic;
						TestTargetID = 20B567311FA8F2D600051AFF;
					};
				};
			};
			buildConfigurationList = 20B5672D1FA8F2D600051AFF /* Build configuration list for PBXProject "RasberyPiLock" */;
			compatibilityVersion = "Xcode 8.0";
			developmentRegion = en;
			hasScannedForEncodings = 0;
			knownRegions = (
				en,
				Base,
			);
			mainGroup = 20B567291FA8F2D600051AFF;
			productRefGroup = 20B567331FA8F2D600051AFF /* Products */;
			projectDirPath = "";
			projectRoot = "";
			targets = (
				20B567311FA8F2D600051AFF /* RasberyPiLock */,
				20B567451FA8F2D600051AFF /* RasberyPiLockTests */,
				20B567501FA8F2D600051AFF /* RasberyPiLockUITests */,
			);
		};
/* End PBXProject section */

/* Begin PBXResourcesBuildPhase section */
		20B567301FA8F2D600051AFF /* Resources */ = {
			isa = PBXResourcesBuildPhase;
			buildActionMask = 2147483647;
			files = (
				20B567401FA8F2D600051AFF /* LaunchScreen.storyboard in Resources */,
				20B5673D1FA8F2D600051AFF /* Assets.xcassets in Resources */,
				20B5673B1FA8F2D600051AFF /* Main.storyboard in Resources */,
			);
			runOnlyForDeploymentPostprocessing = 0;
		};
		20B567441FA8F2D600051AFF /* Resources */ = {
			isa = PBXResourcesBuildPhase;
			buildActionMask = 2147483647;
			files = (
			);
			runOnlyForDeploymentPostprocessing = 0;
		};
		20B5674F1FA8F2D600051AFF /* Resources */ = {
			isa = PBXResourcesBuildPhase;
			buildActionMask = 2147483647;
			files = (
			);
			runOnlyForDeploymentPostprocessing = 0;
		};
/* End PBXResourcesBuildPhase section */

/* Begin PBXSourcesBuildPhase section */
		20B5672E1FA8F2D600051AFF /* Sources */ = {
			isa = PBXSourcesBuildPhase;
			buildActionMask = 2147483647;
			files = (
				20B567381FA8F2D600051AFF /* ViewController.swift in Sources */,
				20B567361FA8F2D600051AFF /* AppDelegate.swift in Sources */,
			);
			runOnlyForDeploymentPostprocessing = 0;
		};
		20B567421FA8F2D600051AFF /* Sources */ = {
			isa = PBXSourcesBuildPhase;
			buildActionMask = 2147483647;
			files = (
				20B5674B1FA8F2D600051AFF /* RasberyPiLockTests.swift in Sources */,
			);
			runOnlyForDeploymentPostprocessing = 0;
		};
		20B5674D1FA8F2D600051AFF /* Sources */ = {
			isa = PBXSourcesBuildPhase;
			buildActionMask = 2147483647;
			files = (
				20B567561FA8F2D600051AFF /* RasberyPiLockUITests.swift in Sources */,
			);
			runOnlyForDeploymentPostprocessing = 0;
		};
/* End PBXSourcesBuildPhase section */

/* Begin PBXTargetDependency section */
		20B567481FA8F2D600051AFF /* PBXTargetDependency */ = {
			isa = PBXTargetDependency;
			target = 20B567311FA8F2D600051AFF /* RasberyPiLock */;
			targetProxy = 20B567471FA8F2D600051AFF /* PBXContainerItemProxy */;
		};
		20B567531FA8F2D600051AFF /* PBXTargetDependency */ = {
			isa = PBXTargetDependency;
			target = 20B567311FA8F2D600051AFF /* RasberyPiLock */;
			targetProxy = 20B567521FA8F2D600051AFF /* PBXContainerItemProxy */;
		};
/* End PBXTargetDependency section */

/* Begin PBXVariantGroup section */
		20B567391FA8F2D600051AFF /* Main.storyboard */ = {
			isa = PBXVariantGroup;
			children = (
				20B5673A1FA8F2D600051AFF /* Base */,
			);
			name = Main.storyboard;
			sourceTree = "<group>";
		};
		20B5673E1FA8F2D600051AFF /* LaunchScreen.storyboard */ = {
			isa = PBXVariantGroup;
			children = (
				20B5673F1FA8F2D600051AFF /* Base */,
			);
			name = LaunchScreen.storyboard;
			sourceTree = "<group>";
		};
/* End PBXVariantGroup section */

/* Begin XCBuildConfiguration section */
		20B567581FA8F2D600051AFF /* Debug */ = {
			isa = XCBuildConfiguration;
			buildSettings = {
				ALWAYS_SEARCH_USER_PATHS = NO;
				CLANG_ANALYZER_NONNULL = YES;
				CLANG_ANALYZER_NUMBER_OBJECT_CONVERSION = YES_AGGRESSIVE;
				CLANG_CXX_LANGUAGE_STANDARD = "gnu++14";
				CLANG_CXX_LIBRARY = "libc++";
				CLANG_ENABLE_MODULES = YES;
				CLANG_ENABLE_OBJC_ARC = YES;
				CLANG_WARN_BLOCK_CAPTURE_AUTORELEASING = YES;
				CLANG_WARN_BOOL_CONVERSION = YES;
				CLANG_WARN_COMMA = YES;
				CLANG_WARN_CONSTANT_CONVERSION = YES;
				CLANG_WARN_DIRECT_OBJC_ISA_USAGE = YES_ERROR;
				CLANG_WARN_DOCUMENTATION_COMMENTS = YES;
				CLANG_WARN_EMPTY_BODY = YES;
				CLANG_WARN_ENUM_CONVERSION = YES;
				CLANG_WARN_INFINITE_RECURSION = YES;
				CLANG_WARN_INT_CONVERSION = YES;
				CLANG_WARN_NON_LITERAL_NULL_CONVERSION = YES;
				CLANG_WARN_OBJC_LITERAL_CONVERSION = YES;
				CLANG_WARN_OBJC_ROOT_CLASS = YES_ERROR;
				CLANG_WARN_RANGE_LOOP_ANALYSIS = YES;
				CLANG_WARN_STRICT_PROTOTYPES = YES;
				CLANG_WARN_SUSPICIOUS_MOVE = YES;
				CLANG_WARN_UNGUARDED_AVAILABILITY = YES_AGGRESSIVE;
				CLANG_WARN_UNREACHABLE_CODE = YES;
				CLANG_WARN__DUPLICATE_METHOD_MATCH = YES;
				CODE_SIGN_IDENTITY = "iPhone Developer";
				COPY_PHASE_STRIP = NO;
				DEBUG_INFORMATION_FORMAT = dwarf;
				ENABLE_STRICT_OBJC_MSGSEND = YES;
				ENABLE_TESTABILITY = YES;
				GCC_C_LANGUAGE_STANDARD = gnu11;
				GCC_DYNAMIC_NO_PIC = NO;
				GCC_NO_COMMON_BLOCKS = YES;
				GCC_OPTIMIZATION_LEVEL = 0;
				GCC_PREPROCESSOR_DEFINITIONS = (
					"DEBUG=1",
					"$(inherited)",
				);
				GCC_WARN_64_TO_32_BIT_CONVERSION = YES;
				GCC_WARN_ABOUT_RETURN_TYPE = YES_ERROR;
				GCC_WARN_UNDECLARED_SELECTOR = YES;
				GCC_WARN_UNINITIALIZED_AUTOS = YES_AGGRESSIVE;
				GCC_WARN_UNUSED_FUNCTION = YES;
				GCC_WARN_UNUSED_VARIABLE = YES;
				IPHONEOS_DEPLOYMENT_TARGET = 11.0;
				MTL_ENABLE_DEBUG_INFO = YES;
				ONLY_ACTIVE_ARCH = YES;
				SDKROOT = iphoneos;
				SWIFT_ACTIVE_COMPILATION_CONDITIONS = DEBUG;
				SWIFT_OPTIMIZATION_LEVEL = "-Onone";
			};
			name = Debug;
		};
		20B567591FA8F2D600051AFF /* Release */ = {
			isa = XCBuildConfiguration;
			buildSettings = {
				ALWAYS_SEARCH_USER_PATHS = NO;
				CLANG_ANALYZER_NONNULL = YES;
				CLANG_ANALYZER_NUMBER_OBJECT_CONVERSION = YES_AGGRESSIVE;
				CLANG_CXX_LANGUAGE_STANDARD = "gnu++14";
				CLANG_CXX_LIBRARY = "libc++";
				CLANG_ENABLE_MODULES = YES;
				CLANG_ENABLE_OBJC_ARC = YES;
				CLANG_WARN_BLOCK_CAPTURE_AUTORELEASING = YES;
				CLANG_WARN_BOOL_CONVERSION = YES;
				CLANG_WARN_COMMA = YES;
				CLANG_WARN_CONSTANT_CONVERSION = YES;
				CLANG_WARN_DIRECT_OBJC_ISA_USAGE = YES_ERROR;
				CLANG_WARN_DOCUMENTATION_COMMENTS = YES;
				CLANG_WARN_EMPTY_BODY = YES;
				CLANG_WARN_ENUM_CONVERSION = YES;
				CLANG_WARN_INFINITE_RECURSION = YES;
				CLANG_WARN_INT_CONVERSION = YES;
				CLANG_WARN_NON_LITERAL_NULL_CONVERSION = YES;
				CLANG_WARN_OBJC_LITERAL_CONVERSION = YES;
				CLANG_WARN_OBJC_ROOT_CLASS = YES_ERROR;
				CLANG_WARN_RANGE_LOOP_ANALYSIS = YES;
				CLANG_WARN_STRICT_PROTOTYPES = YES;
				CLANG_WARN_SUSPICIOUS_MOVE = YES;
				CLANG_WARN_UNGUARDED_AVAILABILITY = YES_AGGRESSIVE;
				CLANG_WARN_UNREACHABLE_CODE = YES;
				CLANG_WARN__DUPLICATE_METHOD_MATCH = YES;
				CODE_SIGN_IDENTITY = "iPhone Developer";
				COPY_PHASE_STRIP = NO;
				DEBUG_INFORMATION_FORMAT = "dwarf-with-dsym";
				ENABLE_NS_ASSERTIONS = NO;
				ENABLE_STRICT_OBJC_MSGSEND = YES;
				GCC_C_LANGUAGE_STANDARD = gnu11;
				GCC_NO_COMMON_BLOCKS = YES;
				GCC_WARN_64_TO_32_BIT_CONVERSION = YES;
				GCC_WARN_ABOUT_RETURN_TYPE = YES_ERROR;
				GCC_WARN_UNDECLARED_SELECTOR = YES;
				GCC_WARN_UNINITIALIZED_AUTOS = YES_AGGRESSIVE;
				GCC_WARN_UNUSED_FUNCTION = YES;
				GCC_WARN_UNUSED_VARIABLE = YES;
				IPHONEOS_DEPLOYMENT_TARGET = 11.0;
				MTL_ENABLE_DEBUG_INFO = NO;
				SDKROOT = iphoneos;
				SWIFT_OPTIMIZATION_LEVEL = "-Owholemodule";
				VALIDATE_PRODUCT = YES;
			};
			name = Release;
		};
		20B5675B1FA8F2D600051AFF /* Debug */ = {
			isa = XCBuildConfiguration;
			buildSettings = {
				ASSETCATALOG_COMPILER_APPICON_NAME = AppIcon;
				CODE_SIGN_STYLE = Automatic;
				DEVELOPMENT_TEAM = 5PKYKCYDR5;
				INFOPLIST_FILE = RasberyPiLock/Info.plist;
				IPHONEOS_DEPLOYMENT_TARGET = 10.1;
				LD_RUNPATH_SEARCH_PATHS = "$(inherited) @executable_path/Frameworks";
				PRODUCT_BUNDLE_IDENTIFIER = sneha.RasberyPiLock;
				PRODUCT_NAME = "$(TARGET_NAME)";
				SWIFT_VERSION = 4.0;
				TARGETED_DEVICE_FAMILY = "1,2";
			};
			name = Debug;
		};
		20B5675C1FA8F2D600051AFF /* Release */ = {
			isa = XCBuildConfiguration;
			buildSettings = {
				ASSETCATALOG_COMPILER_APPICON_NAME = AppIcon;
				CODE_SIGN_STYLE = Automatic;
				DEVELOPMENT_TEAM = 5PKYKCYDR5;
				INFOPLIST_FILE = RasberyPiLock/Info.plist;
				IPHONEOS_DEPLOYMENT_TARGET = 10.1;
				LD_RUNPATH_SEARCH_PATHS = "$(inherited) @executable_path/Frameworks";
				PRODUCT_BUNDLE_IDENTIFIER = sneha.RasberyPiLock;
				PRODUCT_NAME = "$(TARGET_NAME)";
				SWIFT_VERSION = 4.0;
				TARGETED_DEVICE_FAMILY = "1,2";
			};
			name = Release;
		};
		20B5675E1FA8F2D600051AFF /* Debug */ = {
			isa = XCBuildConfiguration;
			buildSettings = {
				ALWAYS_EMBED_SWIFT_STANDARD_LIBRARIES = YES;
				BUNDLE_LOADER = "$(TEST_HOST)";
				CODE_SIGN_STYLE = Automatic;
				DEVELOPMENT_TEAM = 4LAC7B63N5;
				INFOPLIST_FILE = RasberyPiLockTests/Info.plist;
				LD_RUNPATH_SEARCH_PATHS = "$(inherited) @executable_path/Frameworks @loader_path/Frameworks";
				PRODUCT_BUNDLE_IDENTIFIER = sneha.RasberyPiLockTests;
				PRODUCT_NAME = "$(TARGET_NAME)";
				SWIFT_VERSION = 4.0;
				TARGETED_DEVICE_FAMILY = "1,2";
				TEST_HOST = "$(BUILT_PRODUCTS_DIR)/RasberyPiLock.app/RasberyPiLock";
			};
			name = Debug;
		};
		20B5675F1FA8F2D600051AFF /* Release */ = {
			isa = XCBuildConfiguration;
			buildSettings = {
				ALWAYS_EMBED_SWIFT_STANDARD_LIBRARIES = YES;
				BUNDLE_LOADER = "$(TEST_HOST)";
				CODE_SIGN_STYLE = Automatic;
				DEVELOPMENT_TEAM = 4LAC7B63N5;
				INFOPLIST_FILE = RasberyPiLockTests/Info.plist;
				LD_RUNPATH_SEARCH_PATHS = "$(inherited) @executable_path/Frameworks @loader_path/Frameworks";
				PRODUCT_BUNDLE_IDENTIFIER = sneha.RasberyPiLockTests;
				PRODUCT_NAME = "$(TARGET_NAME)";
				SWIFT_VERSION = 4.0;
				TARGETED_DEVICE_FAMILY = "1,2";
				TEST_HOST = "$(BUILT_PRODUCTS_DIR)/RasberyPiLock.app/RasberyPiLock";
			};
			name = Release;
		};
		20B567611FA8F2D600051AFF /* Debug */ = {
			isa = XCBuildConfiguration;
			buildSettings = {
				ALWAYS_EMBED_SWIFT_STANDARD_LIBRARIES = YES;
				CODE_SIGN_STYLE = Automatic;
				DEVELOPMENT_TEAM = 4LAC7B63N5;
				INFOPLIST_FILE = RasberyPiLockUITests/Info.plist;
				LD_RUNPATH_SEARCH_PATHS = "$(inherited) @executable_path/Frameworks @loader_path/Frameworks";
				PRODUCT_BUNDLE_IDENTIFIER = sneha.RasberyPiLockUITests;
				PRODUCT_NAME = "$(TARGET_NAME)";
				SWIFT_VERSION = 4.0;
				TARGETED_DEVICE_FAMILY = "1,2";
				TEST_TARGET_NAME = RasberyPiLock;
			};
			name = Debug;
		};
		20B567621FA8F2D600051AFF /* Release */ = {
			isa = XCBuildConfiguration;
			buildSettings = {
				ALWAYS_EMBED_SWIFT_STANDARD_LIBRARIES = YES;
				CODE_SIGN_STYLE = Automatic;
				DEVELOPMENT_TEAM = 4LAC7B63N5;
				INFOPLIST_FILE = RasberyPiLockUITests/Info.plist;
				LD_RUNPATH_SEARCH_PATHS = "$(inherited) @executable_path/Frameworks @loader_path/Frameworks";
				PRODUCT_BUNDLE_IDENTIFIER = sneha.RasberyPiLockUITests;
				PRODUCT_NAME = "$(TARGET_NAME)";
				SWIFT_VERSION = 4.0;
				TARGETED_DEVICE_FAMILY = "1,2";
				TEST_TARGET_NAME = RasberyPiLock;
			};
			name = Release;
		};
/* End XCBuildConfiguration section */

/* Begin XCConfigurationList section */
		20B5672D1FA8F2D600051AFF /* Build configuration list for PBXProject "RasberyPiLock" */ = {
			isa = XCConfigurationList;
			buildConfigurations = (
				20B567581FA8F2D600051AFF /* Debug */,
				20B567591FA8F2D600051AFF /* Release */,
			);
			defaultConfigurationIsVisible = 0;
			defaultConfigurationName = Release;
		};
		20B5675A1FA8F2D600051AFF /* Build configuration list for PBXNativeTarget "RasberyPiLock" */ = {
			isa = XCConfigurationList;
			buildConfigurations = (
				20B5675B1FA8F2D600051AFF /* Debug */,
				20B5675C1FA8F2D600051AFF /* Release */,
			);
			defaultConfigurationIsVisible = 0;
			defaultConfigurationName = Release;
		};
		20B5675D1FA8F2D600051AFF /* Build configuration list for PBXNativeTarget "RasberyPiLockTests" */ = {
			isa = XCConfigurationList;
			buildConfigurations = (
				20B5675E1FA8F2D600051AFF /* Debug */,
				20B5675F1FA8F2D600051AFF /* Release */,
			);
			defaultConfigurationIsVisible = 0;
			defaultConfigurationName = Release;
		};
		20B567601FA8F2D600051AFF /* Build configuration list for PBXNativeTarget "RasberyPiLockUITests" */ = {
			isa = XCConfigurationList;
			buildConfigurations = (
				20B567611FA8F2D600051AFF /* Debug */,
				20B567621FA8F2D600051AFF /* Release */,
			);
			defaultConfigurationIsVisible = 0;
			defaultConfigurationName = Release;
		};
/* End XCConfigurationList section */
	};
	rootObject = 20B5672A1FA8F2D600051AFF /* Project object */;
}
